schema: '2.0'
stages:
  preprocess:
    cmd: python src/preprocess.py
    deps:
    - path: data/raw/adult.csv
      hash: md5
      md5: 46a9b0988c83b02d27640bf9ced3ab95
      size: 5326368
    - path: params.yaml
      hash: md5
      md5: cf994b351ac22a697cad7008f8043a4f
      size: 172
    - path: src/preprocess.py
      hash: md5
      md5: ab94a1301ab2dbf0f3a8ce9498e0e9ca
      size: 3293
    outs:
    - path: data/processed/test.csv
      hash: md5
      md5: b03af397593e247ff6414e05c80faefb
      size: 4364446
    - path: data/processed/train.csv
      hash: md5
      md5: 54adc37348bf2ee280b61664265510e3
      size: 17449542
  train_rf:
    cmd: python src/train.py --stage train_rf
    deps:
    - path: data/processed/train.csv
      hash: md5
      md5: 54adc37348bf2ee280b61664265510e3
      size: 17449542
    - path: params.yaml
      hash: md5
      md5: cf994b351ac22a697cad7008f8043a4f
      size: 172
    - path: src/train.py
      hash: md5
      md5: c8bf4232f47344d46f8d0e9a8885e1ff
      size: 4878
    params:
      params.yaml:
        rf.max_depth: 10
        rf.n_estimators: 100
    outs:
    - path: metrics_rf.json
      hash: md5
      md5: e9aed650236a67c3e487ada548de833c
      size: 46
    - path: models/rf_model.pkl
      hash: md5
      md5: 5b690400cc12fcee177e79b7e9ccebfd
      size: 4684704
  train_nn:
    cmd: python src/train.py --stage train_nn
    deps:
    - path: data/processed/train.csv
      hash: md5
      md5: 54adc37348bf2ee280b61664265510e3
      size: 17449542
    - path: params.yaml
      hash: md5
      md5: cf994b351ac22a697cad7008f8043a4f
      size: 172
    - path: src/train.py
      hash: md5
      md5: c8bf4232f47344d46f8d0e9a8885e1ff
      size: 4878
    params:
      params.yaml:
        nn.batch_size: 32
        nn.epochs: 10
        nn.learning_rate: 0.001
    outs:
    - path: metrics_nn.json
      hash: md5
      md5: 95f838e13932217133b0be7034d76ced
      size: 85
    - path: models/nn_model.h5
      hash: md5
      md5: 053493da2ab34858a23e2509e009da80
      size: 106960
  evaluate:
    cmd: python src/evaluate.py
    deps:
    - path: data/processed/test.csv
      hash: md5
      md5: b03af397593e247ff6414e05c80faefb
      size: 4364446
    - path: models/nn_model.h5
      hash: md5
      md5: 053493da2ab34858a23e2509e009da80
      size: 106960
    - path: models/rf_model.pkl
      hash: md5
      md5: 5b690400cc12fcee177e79b7e9ccebfd
      size: 4684704
    - path: src/evaluate.py
      hash: md5
      md5: b67bc4feffdb1197e4f6386e238b38b3
      size: 2162
    outs:
    - path: metrics.json
      hash: md5
      md5: db23e0f0afd2af2b457e277fd4fdc005
      size: 308
